
Microsoft Visual Studio Solution File, Format Version 12.00
# Visual Studio Version 16
VisualStudioVersion = 16.0.31112.23
MinimumVisualStudioVersion = 10.0.40219.1
Project("{FAE04EC0-301F-11D3-BF4B-00C04F79EFBC}") = "SunmiScan.Android", "SunmiScan\SunmiScan.Android\SunmiScan.Android.csproj", "{F7D16F26-CABC-4385-B034-82012BDFE0AE}"
EndProject
Project("{FAE04EC0-301F-11D3-BF4B-00C04F79EFBC}") = "SunmiScan.iOS", "SunmiScan\SunmiScan.iOS\SunmiScan.iOS.csproj", "{74D09C2A-F8C9-448B-B8ED-3CB549EB0ADB}"
EndProject
Project("{FAE04EC0-301F-11D3-BF4B-00C04F79EFBC}") = "SunmiScan", "SunmiScan\SunmiScan\SunmiScan.csproj", "{4A08BC38-C2B8-4B01-B064-D95FA04A7B83}"
EndProject
Global
	GlobalSection(SolutionConfigurationPlatforms) = preSolution
		Debug|Any CPU = Debug|Any CPU
		Debug|iPhone = Debug|iPhone
		Debug|iPhoneSimulator = Debug|iPhoneSimulator
		Release|Any CPU = Release|Any CPU
		Release|iPhone = Release|iPhone
		Release|iPhoneSimulator = Release|iPhoneSimulator
	EndGlobalSection
	GlobalSection(ProjectConfigurationPlatforms) = postSolution
		{F7D16F26-CABC-4385-B034-82012BDFE0AE}.Debug|Any CPU.ActiveCfg = Debug|Any CPU
		{F7D16F26-CABC-4385-B034-82012BDFE0AE}.Debug|Any CPU.Build.0 = Debug|Any CPU
		{F7D16F26-CABC-4385-B034-82012BDFE0AE}.Debug|Any CPU.Deploy.0 = Debug|Any CPU
		{F7D16F26-CABC-4385-B034-82012BDFE0AE}.Debug|iPhone.ActiveCfg = Debug|Any CPU
		{F7D16F26-CABC-4385-B034-82012BDFE0AE}.Debug|iPhone.Build.0 = Debug|Any CPU
		{F7D16F26-CABC-4385-B034-82012BDFE0AE}.Debug|iPhone.Deploy.0 = Debug|Any CPU
		{F7D16F26-CABC-4385-B034-82012BDFE0AE}.Debug|iPhoneSimulator.ActiveCfg = Debug|Any CPU
		{F7D16F26-CABC-4385-B034-82012BDFE0AE}.Debug|iPhoneSimulator.Build.0 = Debug|Any CPU
		{F7D16F26-CABC-4385-B034-82012BDFE0AE}.Debug|iPhoneSimulator.Deploy.0 = Debug|Any CPU
		{F7D16F26-CABC-4385-B034-82012BDFE0AE}.Release|Any CPU.ActiveCfg = Release|Any CPU
		{F7D16F26-CABC-4385-B034-82012BDFE0AE}.Release|Any CPU.Build.0 = Release|Any CPU
		{F7D16F26-CABC-4385-B034-82012BDFE0AE}.Release|Any CPU.Deploy.0 = Release|Any CPU
		{F7D16F26-CABC-4385-B034-82012BDFE0AE}.Release|iPhone.ActiveCfg = Release|Any CPU
		{F7D16F26-CABC-4385-B034-82012BDFE0AE}.Release|iPhone.Build.0 = Release|Any CPU
		{F7D16F26-CABC-4385-B034-82012BDFE0AE}.Release|iPhone.Deploy.0 = Release|Any CPU
		{F7D16F26-CABC-4385-B034-82012BDFE0AE}.Release|iPhoneSimulator.ActiveCfg = Release|Any CPU
		{F7D16F26-CABC-4385-B034-82012BDFE0AE}.Release|iPhoneSimulator.Build.0 = Release|Any CPU
		{F7D16F26-CABC-4385-B034-82012BDFE0AE}.Release|iPhoneSimulator.Deploy.0 = Release|Any CPU
		{74D09C2A-F8C9-448B-B8ED-3CB549EB0ADB}.Debug|Any CPU.ActiveCfg = Debug|iPhone
		{74D09C2A-F8C9-448B-B8ED-3CB549EB0ADB}.Debug|Any CPU.Build.0 = Debug|iPhone
		{74D09C2A-F8C9-448B-B8ED-3CB549EB0ADB}.Debug|Any CPU.Deploy.0 = Debug|iPhone
		{74D09C2A-F8C9-448B-B8ED-3CB549EB0ADB}.Debug|iPhone.ActiveCfg = Debug|iPhone
		{74D09C2A-F8C9-448B-B8ED-3CB549EB0ADB}.Debug|iPhone.Build.0 = Debug|iPhone
		{74D09C2A-F8C9-448B-B8ED-3CB549EB0ADB}.Debug|iPhone.Deploy.0 = Debug|iPhone
		{74D09C2A-F8C9-448B-B8ED-3CB549EB0ADB}.Debug|iPhoneSimulator.ActiveCfg = Debug|iPhoneSimulator
		{74D09C2A-F8C9-448B-B8ED-3CB549EB0ADB}.Debug|iPhoneSimulator.Build.0 = Debug|iPhoneSimulator
		{74D09C2A-F8C9-448B-B8ED-3CB549EB0ADB}.Debug|iPhoneSimulator.Deploy.0 = Debug|iPhoneSimulator
		{74D09C2A-F8C9-448B-B8ED-3CB549EB0ADB}.Release|Any CPU.ActiveCfg = Release|iPhoneSimulator
		{74D09C2A-F8C9-448B-B8ED-3CB549EB0ADB}.Release|Any CPU.Build.0 = Release|iPhoneSimulator
		{74D09C2A-F8C9-448B-B8ED-3CB549EB0ADB}.Release|Any CPU.Deploy.0 = Release|iPhoneSimulator
		{74D09C2A-F8C9-448B-B8ED-3CB549EB0ADB}.Release|iPhone.ActiveCfg = Release|iPhone
		{74D09C2A-F8C9-448B-B8ED-3CB549EB0ADB}.Release|iPhone.Build.0 = Release|iPhone
		{74D09C2A-F8C9-448B-B8ED-3CB549EB0ADB}.Release|iPhone.Deploy.0 = Release|iPhone
		{74D09C2A-F8C9-448B-B8ED-3CB549EB0ADB}.Release|iPhoneSimulator.ActiveCfg = Release|iPhoneSimulator
		{74D09C2A-F8C9-448B-B8ED-3CB549EB0ADB}.Release|iPhoneSimulator.Build.0 = Release|iPhoneSimulator
		{74D09C2A-F8C9-448B-B8ED-3CB549EB0ADB}.Release|iPhoneSimulator.Deploy.0 = Release|iPhoneSimulator
		{4A08BC38-C2B8-4B01-B064-D95FA04A7B83}.Debug|Any CPU.ActiveCfg = Debug|Any CPU
		{4A08BC38-C2B8-4B01-B064-D95FA04A7B83}.Debug|Any CPU.Build.0 = Debug|Any CPU
		{4A08BC38-C2B8-4B01-B064-D95FA04A7B83}.Debug|Any CPU.Deploy.0 = Debug|Any CPU
		{4A08BC38-C2B8-4B01-B064-D95FA04A7B83}.Debug|iPhone.ActiveCfg = Debug|Any CPU
		{4A08BC38-C2B8-4B01-B064-D95FA04A7B83}.Debug|iPhone.Build.0 = Debug|Any CPU
		{4A08BC38-C2B8-4B01-B064-D95FA04A7B83}.Debug|iPhone.Deploy.0 = Debug|Any CPU
		{4A08BC38-C2B8-4B01-B064-D95FA04A7B83}.Debug|iPhoneSimulator.ActiveCfg = Debug|Any CPU
		{4A08BC38-C2B8-4B01-B064-D95FA04A7B83}.Debug|iPhoneSimulator.Build.0 = Debug|Any CPU
		{4A08BC38-C2B8-4B01-B064-D95FA04A7B83}.Debug|iPhoneSimulator.Deploy.0 = Debug|Any CPU
		{4A08BC38-C2B8-4B01-B064-D95FA04A7B83}.Release|Any CPU.ActiveCfg = Release|Any CPU
		{4A08BC38-C2B8-4B01-B064-D95FA04A7B83}.Release|Any CPU.Build.0 = Release|Any CPU
		{4A08BC38-C2B8-4B01-B064-D95FA04A7B83}.Release|Any CPU.Deploy.0 = Release|Any CPU
		{4A08BC38-C2B8-4B01-B064-D95FA04A7B83}.Release|iPhone.ActiveCfg = Release|Any CPU
		{4A08BC38-C2B8-4B01-B064-D95FA04A7B83}.Release|iPhone.Build.0 = Release|Any CPU
		{4A08BC38-C2B8-4B01-B064-D95FA04A7B83}.Release|iPhone.Deploy.0 = Release|Any CPU
		{4A08BC38-C2B8-4B01-B064-D95FA04A7B83}.Release|iPhoneSimulator.ActiveCfg = Release|Any CPU
		{4A08BC38-C2B8-4B01-B064-D95FA04A7B83}.Release|iPhoneSimulator.Build.0 = Release|Any CPU
		{4A08BC38-C2B8-4B01-B064-D95FA04A7B83}.Release|iPhoneSimulator.Deploy.0 = Release|Any CPU
	EndGlobalSection
	GlobalSection(SolutionProperties) = preSolution
		HideSolutionNode = FALSE
	EndGlobalSection
	GlobalSection(ExtensibilityGlobals) = postSolution
		SolutionGuid = {238D211F-9B2C-4145-B04F-29B581EAF4EE}
	EndGlobalSection
EndGlobal
